locks:
  f/info_page/get_account_info: 2d099f596523b6ef9eb2ac9942c03a25168554df285f1f0bef4f600fa0d0c42d
  f/page/volunteer/Background_Runnable_0/inline_bg_4: 1032079ed9c0d2679ae2c41eaf87d90d3a946f5fdb4055d95b7abfe883904504
  f/page/volunteer/get_event_data/inline_bg_0: 516bc867c389662b416cdd67cee6b83c1ea9bd5d29ff9f198f4fccc6788d1fdc
  f/puplic_link/update_variable: 058d654b6965ce34be5ba44326939bc6bfea54d56390ed20085611970ae9fc20
